
Microsoft Visual Studio Solution File, Format Version 12.00
# Visual Studio 15
VisualStudioVersion = 15.0.28307.757
MinimumVisualStudioVersion = 10.0.40219.1
Project("{FAE04EC0-301F-11D3-BF4B-00C04F79EFBC}") = "DictionaryCollection", "DictionaryCollection\DictionaryCollection.csproj", "{1E73EA24-825F-4D67-BF9F-0C590D58B4BA}"
EndProject
Global
	GlobalSection(SolutionConfigurationPlatforms) = preSolution
		Debug|Any CPU = Debug|Any CPU
		Release|Any CPU = Release|Any CPU
	EndGlobalSection
	GlobalSection(ProjectConfigurationPlatforms) = postSolution
		{1E73EA24-825F-4D67-BF9F-0C590D58B4BA}.Debug|Any CPU.ActiveCfg = Debug|Any CPU
		{1E73EA24-825F-4D67-BF9F-0C590D58B4BA}.Debug|Any CPU.Build.0 = Debug|Any CPU
		{1E73EA24-825F-4D67-BF9F-0C590D58B4BA}.Release|Any CPU.ActiveCfg = Release|Any CPU
		{1E73EA24-825F-4D67-BF9F-0C590D58B4BA}.Release|Any CPU.Build.0 = Release|Any CPU
	EndGlobalSection
	GlobalSection(SolutionProperties) = preSolution
		HideSolutionNode = FALSE
	EndGlobalSection
	GlobalSection(ExtensibilityGlobals) = postSolution
		SolutionGuid = {9BDF11C9-D6AA-4601-A98E-F9E6B4104AB2}
	EndGlobalSection
EndGlobal
